
Microsoft Visual Studio Solution File, Format Version 12.00
# Visual Studio 14
VisualStudioVersion = 14.0.25420.1
MinimumVisualStudioVersion = 10.0.40219.1
Project("{FAE04EC0-301F-11D3-BF4B-00C04F79EFBC}") = "KukSoft.ToolKit.Core", "KukSoft.ToolKit.Core\KukSoft.ToolKit.Core.csproj", "{A09995FB-1538-4C28-B805-E2A58D9B7872}"
EndProject
Project("{FAE04EC0-301F-11D3-BF4B-00C04F79EFBC}") = "KukSoft.ToolKit.Tests", "KukSoft.ToolKit.Tests\KukSoft.ToolKit.Tests.csproj", "{9D4623CA-EBDA-43FA-8294-CD23FA4F277E}"
EndProject
Global
	GlobalSection(SolutionConfigurationPlatforms) = preSolution
		Debug|Any CPU = Debug|Any CPU
		Release|Any CPU = Release|Any CPU
	EndGlobalSection
	GlobalSection(ProjectConfigurationPlatforms) = postSolution
		{A09995FB-1538-4C28-B805-E2A58D9B7872}.Debug|Any CPU.ActiveCfg = Debug|Any CPU
		{A09995FB-1538-4C28-B805-E2A58D9B7872}.Debug|Any CPU.Build.0 = Debug|Any CPU
		{A09995FB-1538-4C28-B805-E2A58D9B7872}.Release|Any CPU.ActiveCfg = Release|Any CPU
		{A09995FB-1538-4C28-B805-E2A58D9B7872}.Release|Any CPU.Build.0 = Release|Any CPU
		{9D4623CA-EBDA-43FA-8294-CD23FA4F277E}.Debug|Any CPU.ActiveCfg = Debug|Any CPU
		{9D4623CA-EBDA-43FA-8294-CD23FA4F277E}.Debug|Any CPU.Build.0 = Debug|Any CPU
		{9D4623CA-EBDA-43FA-8294-CD23FA4F277E}.Release|Any CPU.ActiveCfg = Release|Any CPU
		{9D4623CA-EBDA-43FA-8294-CD23FA4F277E}.Release|Any CPU.Build.0 = Release|Any CPU
	EndGlobalSection
	GlobalSection(SolutionProperties) = preSolution
		HideSolutionNode = FALSE
	EndGlobalSection
EndGlobal
