
Microsoft Visual Studio Solution File, Format Version 12.00
# Visual Studio 15
VisualStudioVersion = 15.0.27703.2018
MinimumVisualStudioVersion = 10.0.40219.1
Project("{9A19103F-16F7-4668-BE54-9A1E7A4F7556}") = "SwissKnife.Core", "SwissKnife\SwissKnife.csproj", "{A09995FB-1538-4C28-B805-E2A58D9B7872}"
EndProject
Project("{FAE04EC0-301F-11D3-BF4B-00C04F79EFBC}") = "SwissKnife.Tests", "SwissKnife.Tests\SwissKnife.Tests.csproj", "{590E59D0-AD39-4817-8957-D83053C22906}"
EndProject
Global
	GlobalSection(SolutionConfigurationPlatforms) = preSolution
		Debug|Any CPU = Debug|Any CPU
		Release|Any CPU = Release|Any CPU
	EndGlobalSection
	GlobalSection(ProjectConfigurationPlatforms) = postSolution
		{A09995FB-1538-4C28-B805-E2A58D9B7872}.Debug|Any CPU.ActiveCfg = Debug|Any CPU
		{A09995FB-1538-4C28-B805-E2A58D9B7872}.Debug|Any CPU.Build.0 = Debug|Any CPU
		{A09995FB-1538-4C28-B805-E2A58D9B7872}.Release|Any CPU.ActiveCfg = Release|Any CPU
		{A09995FB-1538-4C28-B805-E2A58D9B7872}.Release|Any CPU.Build.0 = Release|Any CPU
		{590E59D0-AD39-4817-8957-D83053C22906}.Debug|Any CPU.ActiveCfg = Debug|Any CPU
		{590E59D0-AD39-4817-8957-D83053C22906}.Debug|Any CPU.Build.0 = Debug|Any CPU
		{590E59D0-AD39-4817-8957-D83053C22906}.Release|Any CPU.ActiveCfg = Release|Any CPU
		{590E59D0-AD39-4817-8957-D83053C22906}.Release|Any CPU.Build.0 = Release|Any CPU
	EndGlobalSection
	GlobalSection(SolutionProperties) = preSolution
		HideSolutionNode = FALSE
	EndGlobalSection
	GlobalSection(ExtensibilityGlobals) = postSolution
		SolutionGuid = {6EFDD5E0-8876-4FBE-A75E-624D45D02DA2}
	EndGlobalSection
EndGlobal
